
Microsoft Visual Studio Solution File, Format Version 12.00
# Visual Studio Version 16
VisualStudioVersion = 16.0.30204.135
MinimumVisualStudioVersion = 10.0.40219.1
Project("{FAE04EC0-301F-11D3-BF4B-00C04F79EFBC}") = "Cinema", "Cinema\Cinema.csproj", "{BD04A40D-5139-42D3-8273-CBD51F3BE7FF}"
EndProject
Global
	GlobalSection(SolutionConfigurationPlatforms) = preSolution
		Debug|Any CPU = Debug|Any CPU
		Release|Any CPU = Release|Any CPU
	EndGlobalSection
	GlobalSection(ProjectConfigurationPlatforms) = postSolution
		{BD04A40D-5139-42D3-8273-CBD51F3BE7FF}.Debug|Any CPU.ActiveCfg = Debug|Any CPU
		{BD04A40D-5139-42D3-8273-CBD51F3BE7FF}.Debug|Any CPU.Build.0 = Debug|Any CPU
		{BD04A40D-5139-42D3-8273-CBD51F3BE7FF}.Release|Any CPU.ActiveCfg = Release|Any CPU
		{BD04A40D-5139-42D3-8273-CBD51F3BE7FF}.Release|Any CPU.Build.0 = Release|Any CPU
	EndGlobalSection
	GlobalSection(SolutionProperties) = preSolution
		HideSolutionNode = FALSE
	EndGlobalSection
	GlobalSection(ExtensibilityGlobals) = postSolution
		SolutionGuid = {B5BDA085-057C-4C37-8733-6BE047B00546}
	EndGlobalSection
EndGlobal
